
Microsoft Visual Studio Solution File, Format Version 12.00
# Visual Studio Version 17
VisualStudioVersion = 17.8.34330.188
MinimumVisualStudioVersion = 10.0.40219.1
Project("{FAE04EC0-301F-11D3-BF4B-00C04F79EFBC}") = "CheckMateQA.Web", "CheckMateQA.Web\CheckMateQA.Web.csproj", "{475EB8C7-F23D-48B1-A6B9-3C1BCC3B748A}"
EndProject
Global
	GlobalSection(SolutionConfigurationPlatforms) = preSolution
		Debug|Any CPU = Debug|Any CPU
		Release|Any CPU = Release|Any CPU
	EndGlobalSection
	GlobalSection(ProjectConfigurationPlatforms) = postSolution
		{475EB8C7-F23D-48B1-A6B9-3C1BCC3B748A}.Debug|Any CPU.ActiveCfg = Debug|Any CPU
		{475EB8C7-F23D-48B1-A6B9-3C1BCC3B748A}.Debug|Any CPU.Build.0 = Debug|Any CPU
		{475EB8C7-F23D-48B1-A6B9-3C1BCC3B748A}.Release|Any CPU.ActiveCfg = Release|Any CPU
		{475EB8C7-F23D-48B1-A6B9-3C1BCC3B748A}.Release|Any CPU.Build.0 = Release|Any CPU
	EndGlobalSection
	GlobalSection(SolutionProperties) = preSolution
		HideSolutionNode = FALSE
	EndGlobalSection
	GlobalSection(ExtensibilityGlobals) = postSolution
		SolutionGuid = {FC3FC3FE-8D29-46BA-AADE-A203C15EADDE}
	EndGlobalSection
EndGlobal
